
Microsoft Visual Studio Solution File, Format Version 12.00
# Visual Studio Version 17
VisualStudioVersion = 17.0.32126.317
MinimumVisualStudioVersion = 10.0.40219.1
Project("{9A19103F-16F7-4668-BE54-9A1E7A4F7556}") = "Tracer.Core", "Tracer\Tracer.Core.csproj", "{6CAF7CFA-B236-48B2-B73C-9D7B4E3A932F}"
EndProject
Project("{9A19103F-16F7-4668-BE54-9A1E7A4F7556}") = "Tracer.Serialization.Abstractions", "Tracer.Serialization.Abstractions\Tracer.Serialization.Abstractions.csproj", "{94EC991F-D7C0-4803-AED0-416F636C19AC}"
EndProject
Project("{9A19103F-16F7-4668-BE54-9A1E7A4F7556}") = "Tracer.Example", "Tracer.Example\Tracer.Example.csproj", "{640C110E-BF90-4D1D-A44A-E6E92641C1EA}"
EndProject
Project("{9A19103F-16F7-4668-BE54-9A1E7A4F7556}") = "Tracer.Serialization", "Tracer.Serialization\Tracer.Serialization.csproj", "{AF3C5E7A-66CD-43E6-9C91-232AB5E4D57F}"
EndProject
Project("{FAE04EC0-301F-11D3-BF4B-00C04F79EFBC}") = "Tracer.Core.Tests", "Tracer.Core.Tests\Tracer.Core.Tests.csproj", "{52964A46-B7FE-4AB3-A6C8-9BAA9DDC19CA}"
EndProject
Global
	GlobalSection(SolutionConfigurationPlatforms) = preSolution
		Debug|Any CPU = Debug|Any CPU
		Release|Any CPU = Release|Any CPU
	EndGlobalSection
	GlobalSection(ProjectConfigurationPlatforms) = postSolution
		{6CAF7CFA-B236-48B2-B73C-9D7B4E3A932F}.Debug|Any CPU.ActiveCfg = Debug|Any CPU
		{6CAF7CFA-B236-48B2-B73C-9D7B4E3A932F}.Debug|Any CPU.Build.0 = Debug|Any CPU
		{6CAF7CFA-B236-48B2-B73C-9D7B4E3A932F}.Release|Any CPU.ActiveCfg = Release|Any CPU
		{6CAF7CFA-B236-48B2-B73C-9D7B4E3A932F}.Release|Any CPU.Build.0 = Release|Any CPU
		{94EC991F-D7C0-4803-AED0-416F636C19AC}.Debug|Any CPU.ActiveCfg = Debug|Any CPU
		{94EC991F-D7C0-4803-AED0-416F636C19AC}.Debug|Any CPU.Build.0 = Debug|Any CPU
		{94EC991F-D7C0-4803-AED0-416F636C19AC}.Release|Any CPU.ActiveCfg = Release|Any CPU
		{94EC991F-D7C0-4803-AED0-416F636C19AC}.Release|Any CPU.Build.0 = Release|Any CPU
		{640C110E-BF90-4D1D-A44A-E6E92641C1EA}.Debug|Any CPU.ActiveCfg = Debug|Any CPU
		{640C110E-BF90-4D1D-A44A-E6E92641C1EA}.Debug|Any CPU.Build.0 = Debug|Any CPU
		{640C110E-BF90-4D1D-A44A-E6E92641C1EA}.Release|Any CPU.ActiveCfg = Release|Any CPU
		{640C110E-BF90-4D1D-A44A-E6E92641C1EA}.Release|Any CPU.Build.0 = Release|Any CPU
		{AF3C5E7A-66CD-43E6-9C91-232AB5E4D57F}.Debug|Any CPU.ActiveCfg = Debug|Any CPU
		{AF3C5E7A-66CD-43E6-9C91-232AB5E4D57F}.Debug|Any CPU.Build.0 = Debug|Any CPU
		{AF3C5E7A-66CD-43E6-9C91-232AB5E4D57F}.Release|Any CPU.ActiveCfg = Release|Any CPU
		{AF3C5E7A-66CD-43E6-9C91-232AB5E4D57F}.Release|Any CPU.Build.0 = Release|Any CPU
		{52964A46-B7FE-4AB3-A6C8-9BAA9DDC19CA}.Debug|Any CPU.ActiveCfg = Debug|Any CPU
		{52964A46-B7FE-4AB3-A6C8-9BAA9DDC19CA}.Debug|Any CPU.Build.0 = Debug|Any CPU
		{52964A46-B7FE-4AB3-A6C8-9BAA9DDC19CA}.Release|Any CPU.ActiveCfg = Release|Any CPU
		{52964A46-B7FE-4AB3-A6C8-9BAA9DDC19CA}.Release|Any CPU.Build.0 = Release|Any CPU
	EndGlobalSection
	GlobalSection(SolutionProperties) = preSolution
		HideSolutionNode = FALSE
	EndGlobalSection
	GlobalSection(ExtensibilityGlobals) = postSolution
		SolutionGuid = {610A1E49-795B-425F-9D11-ED221F4C246D}
	EndGlobalSection
EndGlobal
